
Microsoft Visual Studio Solution File, Format Version 12.00
# Visual Studio 2012
Project("{FAE04EC0-301F-11D3-BF4B-00C04F79EFBC}") = "AppDomainTest", "AppDomainTest\AppDomainTest.csproj", "{0730A8E1-BFCD-423E-9A5D-6A973156B6A2}"
EndProject
Project("{FAE04EC0-301F-11D3-BF4B-00C04F79EFBC}") = "Lib", "Lib\Lib.csproj", "{1619CAD9-644C-44A7-B37D-C83B132ACFFE}"
EndProject
Global
	GlobalSection(SolutionConfigurationPlatforms) = preSolution
		Debug|Any CPU = Debug|Any CPU
		Release|Any CPU = Release|Any CPU
	EndGlobalSection
	GlobalSection(ProjectConfigurationPlatforms) = postSolution
		{0730A8E1-BFCD-423E-9A5D-6A973156B6A2}.Debug|Any CPU.ActiveCfg = Debug|Any CPU
		{0730A8E1-BFCD-423E-9A5D-6A973156B6A2}.Debug|Any CPU.Build.0 = Debug|Any CPU
		{0730A8E1-BFCD-423E-9A5D-6A973156B6A2}.Release|Any CPU.ActiveCfg = Release|Any CPU
		{0730A8E1-BFCD-423E-9A5D-6A973156B6A2}.Release|Any CPU.Build.0 = Release|Any CPU
		{1619CAD9-644C-44A7-B37D-C83B132ACFFE}.Debug|Any CPU.ActiveCfg = Debug|Any CPU
		{1619CAD9-644C-44A7-B37D-C83B132ACFFE}.Debug|Any CPU.Build.0 = Debug|Any CPU
		{1619CAD9-644C-44A7-B37D-C83B132ACFFE}.Release|Any CPU.ActiveCfg = Release|Any CPU
		{1619CAD9-644C-44A7-B37D-C83B132ACFFE}.Release|Any CPU.Build.0 = Release|Any CPU
	EndGlobalSection
EndGlobal
